
Microsoft Visual Studio Solution File, Format Version 12.00
# Visual Studio 15
VisualStudioVersion = 15.0.33423.255
MinimumVisualStudioVersion = 10.0.40219.1
Project("{FAE04EC0-301F-11D3-BF4B-00C04F79EFBC}") = "CS464J_CAOTRANYENNHI_QLSACH", "CS464J_CAOTRANYENNHI_QLSACH\CS464J_CAOTRANYENNHI_QLSACH.csproj", "{3B2DF319-DC0A-40F7-A81F-A9B9FDA86DAF}"
EndProject
Global
	GlobalSection(SolutionConfigurationPlatforms) = preSolution
		Debug|Any CPU = Debug|Any CPU
		Release|Any CPU = Release|Any CPU
	EndGlobalSection
	GlobalSection(ProjectConfigurationPlatforms) = postSolution
		{3B2DF319-DC0A-40F7-A81F-A9B9FDA86DAF}.Debug|Any CPU.ActiveCfg = Debug|Any CPU
		{3B2DF319-DC0A-40F7-A81F-A9B9FDA86DAF}.Debug|Any CPU.Build.0 = Debug|Any CPU
		{3B2DF319-DC0A-40F7-A81F-A9B9FDA86DAF}.Release|Any CPU.ActiveCfg = Release|Any CPU
		{3B2DF319-DC0A-40F7-A81F-A9B9FDA86DAF}.Release|Any CPU.Build.0 = Release|Any CPU
	EndGlobalSection
	GlobalSection(SolutionProperties) = preSolution
		HideSolutionNode = FALSE
	EndGlobalSection
	GlobalSection(ExtensibilityGlobals) = postSolution
		SolutionGuid = {5B0E61C7-01FC-43B2-BE74-586D1EE40AF6}
	EndGlobalSection
EndGlobal
